
Microsoft Visual Studio Solution File, Format Version 12.00
# Visual Studio Version 17
VisualStudioVersion = 17.5.002.0
MinimumVisualStudioVersion = 10.0.40219.1
Project("{9A19103F-16F7-4668-BE54-9A1E7A4F7556}") = "Nova pasta", "Nova pasta.csproj", "{38C79D06-148E-404C-B2E5-1762A1C701B7}"
EndProject
Global
	GlobalSection(SolutionConfigurationPlatforms) = preSolution
		Debug|Any CPU = Debug|Any CPU
		Release|Any CPU = Release|Any CPU
	EndGlobalSection
	GlobalSection(ProjectConfigurationPlatforms) = postSolution
		{38C79D06-148E-404C-B2E5-1762A1C701B7}.Debug|Any CPU.ActiveCfg = Debug|Any CPU
		{38C79D06-148E-404C-B2E5-1762A1C701B7}.Debug|Any CPU.Build.0 = Debug|Any CPU
		{38C79D06-148E-404C-B2E5-1762A1C701B7}.Release|Any CPU.ActiveCfg = Release|Any CPU
		{38C79D06-148E-404C-B2E5-1762A1C701B7}.Release|Any CPU.Build.0 = Release|Any CPU
	EndGlobalSection
	GlobalSection(SolutionProperties) = preSolution
		HideSolutionNode = FALSE
	EndGlobalSection
	GlobalSection(ExtensibilityGlobals) = postSolution
		SolutionGuid = {363341B4-8D3B-45A2-A861-969BEACD650D}
	EndGlobalSection
EndGlobal
